
Microsoft Visual Studio Solution File, Format Version 12.00
Project("{FAE04EC0-301F-11D3-BF4B-00C04F79EFBC}") = "Server", "Server\Server.csproj", "{301C7C53-3785-4DB0-9600-40F1C7C98520}"
EndProject
Project("{FAE04EC0-301F-11D3-BF4B-00C04F79EFBC}") = "Domain", "Domain\Domain.csproj", "{331CD523-5789-4452-A5AE-AD91FEC0FCFB}"
EndProject
Project("{FAE04EC0-301F-11D3-BF4B-00C04F79EFBC}") = "Application", "Application\Application.csproj", "{519693E2-AB9E-437A-8E37-EDAD20A50865}"
EndProject
Project("{FAE04EC0-301F-11D3-BF4B-00C04F79EFBC}") = "Persistence", "Persistence\Persistence.csproj", "{0D0D1886-634D-4ABA-9D95-B7F276AE76D8}"
EndProject
Project("{FAE04EC0-301F-11D3-BF4B-00C04F79EFBC}") = "Identity", "Identity\Identity.csproj", "{7C1F3644-88EE-41AB-A790-C055E20ED4AE}"
EndProject
Project("{2150E333-8FDC-42A3-9474-1A3956D46DE8}") = "src", "src", "{93EE5E94-1C66-4699-9F0A-F16317B9C639}"
EndProject
Project("{2150E333-8FDC-42A3-9474-1A3956D46DE8}") = "test", "test", "{E6AC1A1D-5AFB-4FAC-97E5-6AAEEF612BB0}"
EndProject
Project("{2150E333-8FDC-42A3-9474-1A3956D46DE8}") = "Core", "Core", "{EDD151A8-3B3A-410D-98F5-8496AC17F1FE}"
EndProject
Project("{2150E333-8FDC-42A3-9474-1A3956D46DE8}") = "Infrastructure", "Infrastructure", "{075182CA-3FB7-4BF4-97EA-721B0849EBC2}"
EndProject
Project("{2150E333-8FDC-42A3-9474-1A3956D46DE8}") = "Presentation", "Presentation", "{4620AF33-80C8-4C5D-94CC-CC36761596E9}"
EndProject
Project("{FAE04EC0-301F-11D3-BF4B-00C04F79EFBC}") = "Client", "Client\Client.csproj", "{089257F9-CA87-461A-8530-8A07BF8BA61D}"
EndProject
Global
	GlobalSection(SolutionConfigurationPlatforms) = preSolution
		Debug|Any CPU = Debug|Any CPU
		Release|Any CPU = Release|Any CPU
	EndGlobalSection
	GlobalSection(ProjectConfigurationPlatforms) = postSolution
		{301C7C53-3785-4DB0-9600-40F1C7C98520}.Debug|Any CPU.ActiveCfg = Debug|Any CPU
		{301C7C53-3785-4DB0-9600-40F1C7C98520}.Debug|Any CPU.Build.0 = Debug|Any CPU
		{301C7C53-3785-4DB0-9600-40F1C7C98520}.Release|Any CPU.ActiveCfg = Release|Any CPU
		{301C7C53-3785-4DB0-9600-40F1C7C98520}.Release|Any CPU.Build.0 = Release|Any CPU
		{331CD523-5789-4452-A5AE-AD91FEC0FCFB}.Debug|Any CPU.ActiveCfg = Debug|Any CPU
		{331CD523-5789-4452-A5AE-AD91FEC0FCFB}.Debug|Any CPU.Build.0 = Debug|Any CPU
		{331CD523-5789-4452-A5AE-AD91FEC0FCFB}.Release|Any CPU.ActiveCfg = Release|Any CPU
		{331CD523-5789-4452-A5AE-AD91FEC0FCFB}.Release|Any CPU.Build.0 = Release|Any CPU
		{519693E2-AB9E-437A-8E37-EDAD20A50865}.Debug|Any CPU.ActiveCfg = Debug|Any CPU
		{519693E2-AB9E-437A-8E37-EDAD20A50865}.Debug|Any CPU.Build.0 = Debug|Any CPU
		{519693E2-AB9E-437A-8E37-EDAD20A50865}.Release|Any CPU.ActiveCfg = Release|Any CPU
		{519693E2-AB9E-437A-8E37-EDAD20A50865}.Release|Any CPU.Build.0 = Release|Any CPU
		{0D0D1886-634D-4ABA-9D95-B7F276AE76D8}.Debug|Any CPU.ActiveCfg = Debug|Any CPU
		{0D0D1886-634D-4ABA-9D95-B7F276AE76D8}.Debug|Any CPU.Build.0 = Debug|Any CPU
		{0D0D1886-634D-4ABA-9D95-B7F276AE76D8}.Release|Any CPU.ActiveCfg = Release|Any CPU
		{0D0D1886-634D-4ABA-9D95-B7F276AE76D8}.Release|Any CPU.Build.0 = Release|Any CPU
		{7C1F3644-88EE-41AB-A790-C055E20ED4AE}.Debug|Any CPU.ActiveCfg = Debug|Any CPU
		{7C1F3644-88EE-41AB-A790-C055E20ED4AE}.Debug|Any CPU.Build.0 = Debug|Any CPU
		{7C1F3644-88EE-41AB-A790-C055E20ED4AE}.Release|Any CPU.ActiveCfg = Release|Any CPU
		{7C1F3644-88EE-41AB-A790-C055E20ED4AE}.Release|Any CPU.Build.0 = Release|Any CPU
		{089257F9-CA87-461A-8530-8A07BF8BA61D}.Debug|Any CPU.ActiveCfg = Debug|Any CPU
		{089257F9-CA87-461A-8530-8A07BF8BA61D}.Debug|Any CPU.Build.0 = Debug|Any CPU
		{089257F9-CA87-461A-8530-8A07BF8BA61D}.Release|Any CPU.ActiveCfg = Release|Any CPU
		{089257F9-CA87-461A-8530-8A07BF8BA61D}.Release|Any CPU.Build.0 = Release|Any CPU
	EndGlobalSection
	GlobalSection(NestedProjects) = preSolution
		{EDD151A8-3B3A-410D-98F5-8496AC17F1FE} = {93EE5E94-1C66-4699-9F0A-F16317B9C639}
		{075182CA-3FB7-4BF4-97EA-721B0849EBC2} = {93EE5E94-1C66-4699-9F0A-F16317B9C639}
		{4620AF33-80C8-4C5D-94CC-CC36761596E9} = {93EE5E94-1C66-4699-9F0A-F16317B9C639}
		{301C7C53-3785-4DB0-9600-40F1C7C98520} = {4620AF33-80C8-4C5D-94CC-CC36761596E9}
		{7C1F3644-88EE-41AB-A790-C055E20ED4AE} = {075182CA-3FB7-4BF4-97EA-721B0849EBC2}
		{0D0D1886-634D-4ABA-9D95-B7F276AE76D8} = {075182CA-3FB7-4BF4-97EA-721B0849EBC2}
		{519693E2-AB9E-437A-8E37-EDAD20A50865} = {EDD151A8-3B3A-410D-98F5-8496AC17F1FE}
		{331CD523-5789-4452-A5AE-AD91FEC0FCFB} = {EDD151A8-3B3A-410D-98F5-8496AC17F1FE}
		{089257F9-CA87-461A-8530-8A07BF8BA61D} = {4620AF33-80C8-4C5D-94CC-CC36761596E9}
	EndGlobalSection
EndGlobal
